
Microsoft Visual Studio Solution File, Format Version 12.00
# Visual Studio 15
Project("{FAE04EC0-301F-11D3-BF4B-00C04F79EFBC}") = "Assembly-CSharp", "Assembly-CSharp.csproj", "{ABF242E1-1730-C04E-EF98-CD54322C0066}"
EndProject
Project("{FAE04EC0-301F-11D3-BF4B-00C04F79EFBC}") = "Assembly-CSharp-Editor", "Assembly-CSharp-Editor.csproj", "{64902F67-A963-9C85-853B-6B2340C7A35C}"
EndProject
Global
	GlobalSection(SolutionConfigurationPlatforms) = preSolution
		Debug|Any CPU = Debug|Any CPU
		Release|Any CPU = Release|Any CPU
	EndGlobalSection
	GlobalSection(ProjectConfigurationPlatforms) = postSolution
		{ABF242E1-1730-C04E-EF98-CD54322C0066}.Debug|Any CPU.ActiveCfg = Debug|Any CPU
		{ABF242E1-1730-C04E-EF98-CD54322C0066}.Debug|Any CPU.Build.0 = Debug|Any CPU
		{ABF242E1-1730-C04E-EF98-CD54322C0066}.Release|Any CPU.ActiveCfg = Release|Any CPU
		{ABF242E1-1730-C04E-EF98-CD54322C0066}.Release|Any CPU.Build.0 = Release|Any CPU
		{64902F67-A963-9C85-853B-6B2340C7A35C}.Debug|Any CPU.ActiveCfg = Debug|Any CPU
		{64902F67-A963-9C85-853B-6B2340C7A35C}.Debug|Any CPU.Build.0 = Debug|Any CPU
		{64902F67-A963-9C85-853B-6B2340C7A35C}.Release|Any CPU.ActiveCfg = Release|Any CPU
		{64902F67-A963-9C85-853B-6B2340C7A35C}.Release|Any CPU.Build.0 = Release|Any CPU
	EndGlobalSection
	GlobalSection(SolutionProperties) = preSolution
		HideSolutionNode = FALSE
	EndGlobalSection
EndGlobal
